
Microsoft Visual Studio Solution File, Format Version 12.00
# Visual Studio Version 17
VisualStudioVersion = 17.8.34322.80
MinimumVisualStudioVersion = 10.0.40219.1
Project("{FAE04EC0-301F-11D3-BF4B-00C04F79EFBC}") = "ProjetoSistema", "ProjetoSistema\ProjetoSistema.csproj", "{6BD9F8D1-3FCA-4B3F-A540-E501EC005048}"
EndProject
Global
	GlobalSection(SolutionConfigurationPlatforms) = preSolution
		Debug|Any CPU = Debug|Any CPU
		Release|Any CPU = Release|Any CPU
	EndGlobalSection
	GlobalSection(ProjectConfigurationPlatforms) = postSolution
		{6BD9F8D1-3FCA-4B3F-A540-E501EC005048}.Debug|Any CPU.ActiveCfg = Debug|Any CPU
		{6BD9F8D1-3FCA-4B3F-A540-E501EC005048}.Debug|Any CPU.Build.0 = Debug|Any CPU
		{6BD9F8D1-3FCA-4B3F-A540-E501EC005048}.Release|Any CPU.ActiveCfg = Release|Any CPU
		{6BD9F8D1-3FCA-4B3F-A540-E501EC005048}.Release|Any CPU.Build.0 = Release|Any CPU
	EndGlobalSection
	GlobalSection(SolutionProperties) = preSolution
		HideSolutionNode = FALSE
	EndGlobalSection
	GlobalSection(ExtensibilityGlobals) = postSolution
		SolutionGuid = {9EEFEDB8-357C-4316-93FB-55D7A89FA233}
	EndGlobalSection
EndGlobal
